{
  "name": "audio-annotator",
  "version": "0.0.1",
  "lockfileVersion": 1,
  "requires": true,
  "dependencies": {
    "colors.css": {
      "version": "3.0.0",
      "resolved": "https://registry.npmjs.org/colors.css/-/colors.css-3.0.0.tgz",
      "integrity": "sha1-URz0L7inGZqMvvSciKTqTx2Pnvw="
    },
    "eventemitter3": {
      "version": "4.0.4",
      "resolved": "https://registry.npmjs.org/eventemitter3/-/eventemitter3-4.0.4.tgz",
      "integrity": "sha512-rlaVLnVxtxvoyLsQQFBx53YmXHDxRIzzTLbdfxqi4yocpSjAxXwkU0cScM5JgSKMqEhrZpnvQ2D9gjylR0AimQ=="
    },
    "inline-worker": {
      "version": "1.1.0",
      "resolved": "https://registry.npmjs.org/inline-worker/-/inline-worker-1.1.0.tgz",
      "integrity": "sha1-VelvVJFaZCsAhyotqm/oMrQkyY0="
    },
    "konva": {
      "version": "5.0.3",
      "resolved": "https://registry.npmjs.org/konva/-/konva-5.0.3.tgz",
      "integrity": "sha512-OF5nWlVapUleqEW+0Bn1xNMMydFpPyo4aKS4UmHX2tt6Qvk+5e0PrkhwcM0htL/M+M+RObCnm8IYCTrsT3bNKw=="
    },
    "peaks.js": {
      "version": "0.21.0",
      "resolved": "https://registry.npmjs.org/peaks.js/-/peaks.js-0.21.0.tgz",
      "integrity": "sha512-qKHnJXqwSOAR3RXWJdXWGz+hszgnIKxjnWYE4mkcLufYqw220w9+QvjMfW+lsI9n9Z49gBlXYQaJZbomGyYUNg==",
      "requires": {
        "colors.css": "~3.0.0",
        "eventemitter3": "~4.0.0",
        "konva": "~5.0.2",
        "waveform-data": "~3.3.1"
      }
    },
    "waveform-data": {
      "version": "3.3.2",
      "resolved": "https://registry.npmjs.org/waveform-data/-/waveform-data-3.3.2.tgz",
      "integrity": "sha512-F50MPz9tglSekTkaSKsqpNOYGI8Xl5yJkz6ivjUANNv2hkNaK7jPrQhdhfiWFBQVsCSRu8CFMkMMDKEVbJaXTg==",
      "requires": {
        "inline-worker": "~1.1.0"
      }
    }
  }
}
